Microsoft Visual Studio Solution File, Format Version 12.00
# Visual Studio Version 17
VisualStudioVersion = 17.5.2.0
MinimumVisualStudioVersion = 10.0.40219.1
Project("{FAE04EC0-301F-11D3-BF4B-00C04F79EFBC}") = "RomaWatches", "RomaWatches.csproj", "{70CA4688-BEA8-E77A-1ECF-00DA2E5594D1}"
EndProject
Global
	GlobalSection(SolutionConfigurationPlatforms) = preSolution
		Debug|Any CPU = Debug|Any CPU
		Release|Any CPU = Release|Any CPU
	EndGlobalSection
	GlobalSection(ProjectConfigurationPlatforms) = postSolution
		{70CA4688-BEA8-E77A-1ECF-00DA2E5594D1}.Debug|Any CPU.ActiveCfg = Debug|Any CPU
		{70CA4688-BEA8-E77A-1ECF-00DA2E5594D1}.Debug|Any CPU.Build.0 = Debug|Any CPU
		{70CA4688-BEA8-E77A-1ECF-00DA2E5594D1}.Release|Any CPU.ActiveCfg = Release|Any CPU
		{70CA4688-BEA8-E77A-1ECF-00DA2E5594D1}.Release|Any CPU.Build.0 = Release|Any CPU
	EndGlobalSection
	GlobalSection(SolutionProperties) = preSolution
		HideSolutionNode = FALSE
	EndGlobalSection
	GlobalSection(ExtensibilityGlobals) = postSolution
		SolutionGuid = {FF225B2C-AA66-41F6-9E00-6233084BB093}
	EndGlobalSection
EndGlobal
